
Microsoft Visual Studio Solution File, Format Version 12.00
# Visual Studio Version 16
VisualStudioVersion = 16.0.31005.135
MinimumVisualStudioVersion = 10.0.40219.1
Project("{8BC9CEB8-8B4A-11D0-8D11-00A0C91BC942}") = "문해기 1201", "문해기 1201\문해기 1201.vcxproj", "{B3F01570-DCDF-4187-9A97-443070F7671A}"
EndProject
Global
	GlobalSection(SolutionConfigurationPlatforms) = preSolution
		Debug|x64 = Debug|x64
		Debug|x86 = Debug|x86
		Release|x64 = Release|x64
		Release|x86 = Release|x86
	EndGlobalSection
	GlobalSection(ProjectConfigurationPlatforms) = postSolution
		{B3F01570-DCDF-4187-9A97-443070F7671A}.Debug|x64.ActiveCfg = Debug|x64
		{B3F01570-DCDF-4187-9A97-443070F7671A}.Debug|x64.Build.0 = Debug|x64
		{B3F01570-DCDF-4187-9A97-443070F7671A}.Debug|x86.ActiveCfg = Debug|x64
		{B3F01570-DCDF-4187-9A97-443070F7671A}.Debug|x86.Build.0 = Debug|x64
		{B3F01570-DCDF-4187-9A97-443070F7671A}.Release|x64.ActiveCfg = Release|x64
		{B3F01570-DCDF-4187-9A97-443070F7671A}.Release|x64.Build.0 = Release|x64
		{B3F01570-DCDF-4187-9A97-443070F7671A}.Release|x86.ActiveCfg = Release|Win32
		{B3F01570-DCDF-4187-9A97-443070F7671A}.Release|x86.Build.0 = Release|Win32
	EndGlobalSection
	GlobalSection(SolutionProperties) = preSolution
		HideSolutionNode = FALSE
	EndGlobalSection
	GlobalSection(ExtensibilityGlobals) = postSolution
		SolutionGuid = {07EB6EC4-9CDB-4CE2-8373-6C471C68762F}
	EndGlobalSection
EndGlobal
